
Microsoft Visual Studio Solution File, Format Version 12.00
# Visual Studio Version 17
VisualStudioVersion = 17.6.33815.320
MinimumVisualStudioVersion = 10.0.40219.1
Project("{FAE04EC0-301F-11D3-BF4B-00C04F79EFBC}") = "LINQDemo", "LINQDemo\LINQDemo.csproj", "{E37E615F-A534-4BC7-9368-FBA33A7B6DC2}"
EndProject
Global
	GlobalSection(SolutionConfigurationPlatforms) = preSolution
		Debug|Any CPU = Debug|Any CPU
		Release|Any CPU = Release|Any CPU
	EndGlobalSection
	GlobalSection(ProjectConfigurationPlatforms) = postSolution
		{E37E615F-A534-4BC7-9368-FBA33A7B6DC2}.Debug|Any CPU.ActiveCfg = Debug|Any CPU
		{E37E615F-A534-4BC7-9368-FBA33A7B6DC2}.Debug|Any CPU.Build.0 = Debug|Any CPU
		{E37E615F-A534-4BC7-9368-FBA33A7B6DC2}.Release|Any CPU.ActiveCfg = Release|Any CPU
		{E37E615F-A534-4BC7-9368-FBA33A7B6DC2}.Release|Any CPU.Build.0 = Release|Any CPU
	EndGlobalSection
	GlobalSection(SolutionProperties) = preSolution
		HideSolutionNode = FALSE
	EndGlobalSection
	GlobalSection(ExtensibilityGlobals) = postSolution
		SolutionGuid = {292BECB6-6019-4603-9052-EAF458C8869D}
	EndGlobalSection
EndGlobal
