
Microsoft Visual Studio Solution File, Format Version 12.00
# Visual Studio Version 17
VisualStudioVersion = 17.6.33815.320
MinimumVisualStudioVersion = 10.0.40219.1
Project("{FAE04EC0-301F-11D3-BF4B-00C04F79EFBC}") = "IndexersAndJaggedArray", "IndexersAndJaggedArray\IndexersAndJaggedArray.csproj", "{CA78BC65-84C0-41F4-B942-3A5541ACE487}"
EndProject
Global
	GlobalSection(SolutionConfigurationPlatforms) = preSolution
		Debug|Any CPU = Debug|Any CPU
		Release|Any CPU = Release|Any CPU
	EndGlobalSection
	GlobalSection(ProjectConfigurationPlatforms) = postSolution
		{CA78BC65-84C0-41F4-B942-3A5541ACE487}.Debug|Any CPU.ActiveCfg = Debug|Any CPU
		{CA78BC65-84C0-41F4-B942-3A5541ACE487}.Debug|Any CPU.Build.0 = Debug|Any CPU
		{CA78BC65-84C0-41F4-B942-3A5541ACE487}.Release|Any CPU.ActiveCfg = Release|Any CPU
		{CA78BC65-84C0-41F4-B942-3A5541ACE487}.Release|Any CPU.Build.0 = Release|Any CPU
	EndGlobalSection
	GlobalSection(SolutionProperties) = preSolution
		HideSolutionNode = FALSE
	EndGlobalSection
	GlobalSection(ExtensibilityGlobals) = postSolution
		SolutionGuid = {8E4A42B4-3FA4-4240-A43E-723C87E47206}
	EndGlobalSection
EndGlobal
